
Microsoft Visual Studio Solution File, Format Version 12.00
# Visual Studio Version 16
VisualStudioVersion = 16.0.30611.23
MinimumVisualStudioVersion = 10.0.40219.1
Project("{FAE04EC0-301F-11D3-BF4B-00C04F79EFBC}") = "View", "View\View.csproj", "{2F8C8DB6-BBEB-47CF-8CFC-F1526DC494BE}"
EndProject
Project("{FAE04EC0-301F-11D3-BF4B-00C04F79EFBC}") = "Model", "Model\Model.csproj", "{D00CC64E-CFD1-49DD-9B52-F7107B235B90}"
EndProject
Project("{FAE04EC0-301F-11D3-BF4B-00C04F79EFBC}") = "Repository", "Repository\Repository.csproj", "{4717EE36-C28D-4BCA-91D9-F8D0A4735109}"
EndProject
Global
	GlobalSection(SolutionConfigurationPlatforms) = preSolution
		Debug|Any CPU = Debug|Any CPU
		Release|Any CPU = Release|Any CPU
	EndGlobalSection
	GlobalSection(ProjectConfigurationPlatforms) = postSolution
		{2F8C8DB6-BBEB-47CF-8CFC-F1526DC494BE}.Debug|Any CPU.ActiveCfg = Debug|Any CPU
		{2F8C8DB6-BBEB-47CF-8CFC-F1526DC494BE}.Debug|Any CPU.Build.0 = Debug|Any CPU
		{2F8C8DB6-BBEB-47CF-8CFC-F1526DC494BE}.Release|Any CPU.ActiveCfg = Release|Any CPU
		{2F8C8DB6-BBEB-47CF-8CFC-F1526DC494BE}.Release|Any CPU.Build.0 = Release|Any CPU
		{D00CC64E-CFD1-49DD-9B52-F7107B235B90}.Debug|Any CPU.ActiveCfg = Debug|Any CPU
		{D00CC64E-CFD1-49DD-9B52-F7107B235B90}.Debug|Any CPU.Build.0 = Debug|Any CPU
		{D00CC64E-CFD1-49DD-9B52-F7107B235B90}.Release|Any CPU.ActiveCfg = Release|Any CPU
		{D00CC64E-CFD1-49DD-9B52-F7107B235B90}.Release|Any CPU.Build.0 = Release|Any CPU
		{4717EE36-C28D-4BCA-91D9-F8D0A4735109}.Debug|Any CPU.ActiveCfg = Debug|Any CPU
		{4717EE36-C28D-4BCA-91D9-F8D0A4735109}.Debug|Any CPU.Build.0 = Debug|Any CPU
		{4717EE36-C28D-4BCA-91D9-F8D0A4735109}.Release|Any CPU.ActiveCfg = Release|Any CPU
		{4717EE36-C28D-4BCA-91D9-F8D0A4735109}.Release|Any CPU.Build.0 = Release|Any CPU
	EndGlobalSection
	GlobalSection(SolutionProperties) = preSolution
		HideSolutionNode = FALSE
	EndGlobalSection
	GlobalSection(ExtensibilityGlobals) = postSolution
		SolutionGuid = {369AB8F6-1E9D-43BC-806E-43717D7A408F}
	EndGlobalSection
EndGlobal
